# stack_lock.yaml — pinned commit SHAs for reproducible measurement
# Generated by 00_freeze_versions.sh on 2026-04-20T20:06:45Z
# Do not edit manually. Re-run 00_freeze_versions.sh to refresh.
#
# To reproduce the exact measurement:
#   1. Run 01_clone_repos.sh  (reads this file, checks out pinned SHAs)
#   2. Run 02_measure_loc.sh
#   3. Run 03_count_deps.sh
#   4. Run 04_aggregate.py
repos:
  - repo: minio/minio
    layer: data_pipelines
    sha: 7aac2a2c5b7c882e68c1ce017d8256be2feea27f
    date: 2026-02-12
  - repo: apache/kafka
    layer: data_pipelines
    sha: 67850b0b68d92d39c095cc91bf455d9445336e09
    date: 2026-04-01
  - repo: apache/airflow
    layer: data_pipelines
    sha: 450c45befc0698d60dce62b7a9940388caa62262
    date: 2026-04-01
  - repo: apache/spark
    layer: data_pipelines
    sha: 3e7e12652b281ac091f89b6ce3e82354cf9cd78f
    date: 2026-04-01
  - repo: HumanSignal/label-studio
    layer: data_pipelines
    sha: bb86140cc1b5fb551675b3d55f3c88083ee108b3
    date: 2026-04-01
  - repo: great-expectations/great_expectations
    layer: data_pipelines
    sha: db4c498cdb7dd040e7a7bd29a70e6f0d0908f7e7
    date: 2026-03-27
  - repo: iterative/dvc
    layer: data_pipelines
    sha: 356dfa03278058b02df42124f243c2c345329dae
    date: 2026-03-31
    tag: 3.67.1
  - repo: UKPLab/sentence-transformers
    layer: data_pipelines
    sha: aebd46c05d3d967d1f2ece54295a162e4b3d5f88
    date: 2026-03-12
  - repo: milvus-io/milvus
    layer: data_pipelines
    sha: eb67c0b25e09df54cfead279e33274cbd8a762f3
    date: 2026-04-01
  - repo: kubeflow/pipelines
    layer: training
    sha: 7a9172c781047c4e48627c68809cb48d8376edfd
    date: 2026-04-01
  - repo: SchedMD/slurm
    layer: training
    sha: b7a3266a95b59bf5f708cc7b7e214d7ad3bd04e5
    date: 2026-04-01
  - repo: NVIDIA/nvidia-container-toolkit
    layer: training
    sha: ec7b4e2fa2caecad6d89be4a26029b831fe7503a
    date: 2026-03-10
    tag: v1.19.0
  - repo: NVIDIA/cuda-python
    layer: training
    sha: fc1ff27b56fe019bbc1f8db9c482d84da0de0ea7
    date: 2026-04-01
  - repo: NVIDIA/nccl
    layer: training
    sha: 49839dfde34086ee9aaf9a1c69ae3404f13773e7
    date: 2026-03-20
  - repo: pytorch/pytorch
    layer: training
    sha: 6e98ebebaf4e631bf2371fa35935dfe8a5be8333
    date: 2026-04-01
    tag: trunk/6e98ebebaf4e631bf2371fa35935dfe8a5be8333
  - repo: microsoft/DeepSpeed
    layer: training
    sha: 5dce124e096ad8af371e5ae670d24f1e7bde44bc
    date: 2026-03-31
  - repo: NVIDIA/Megatron-LM
    layer: training
    sha: 7086b6100da7209bec41644f5af8db45bf87c2e2
    date: 2026-04-01
  - repo: huggingface/tokenizers
    layer: training
    sha: e33e8bff8c62f018a40d2d915133629c532815ab
    date: 2026-03-31
  - repo: huggingface/datasets
    layer: training
    sha: c7697cfd340944321fee27364030bbfef65893be
    date: 2026-03-23
  - repo: huggingface/peft
    layer: training
    sha: 52efb763debb87b741fc040662f783a30bbc2d43
    date: 2026-04-01
  - repo: huggingface/trl
    layer: training
    sha: d3a7fcaecb553396599a61efff93cbd93e1dd4d3
    date: 2026-04-01
  - repo: EleutherAI/lm-evaluation-harness
    layer: training
    sha: ee7e8f4fe58e13d6760c066474f0d01477317d1d
    date: 2026-03-18
  - repo: arcee-ai/mergekit
    layer: training
    sha: 71113608094f36b58fe6d560d14317e5e9e51807
    date: 2026-03-15
  - repo: mlflow/mlflow
    layer: training
    sha: 638aef65035e1c9f34eaab6c7b2a7d75075ced1e
    date: 2026-04-01
  - repo: huggingface/huggingface_hub
    layer: training
    sha: e000c1c89c65aee188041723456ac3a479416d4c
    date: 2026-04-01
  - repo: huggingface/transformers
    layer: training
    sha: d55f0350a25333406daeafb7c250bb4ba3bf43a1
    date: 2026-04-01
  - repo: onnx/onnx
    layer: integration_serving
    sha: b0e2f48127efddb57feb972b9c4fdf2475b0f1a3
    date: 2026-04-01
  - repo: mit-han-lab/llm-awq
    layer: integration_serving
    sha: d6e797a42b9ef7778de8ee2352116e0f48a78d61
    date: 2025-07-17
  - repo: vllm-project/vllm
    layer: integration_serving
    sha: dc0428ebb879af3224e5d9ef5ab93cb04d8d1b27
    date: 2026-04-01
  - repo: NVIDIA/TensorRT-LLM
    layer: integration_serving
    sha: 1a65a0da6500c84dad21792d7f54e0ec9d91d6fc
    date: 2026-04-01
  - repo: triton-inference-server/server
    layer: integration_serving
    sha: 79877d765b71e3a656976396c0a2089cd691d3f6
    date: 2026-03-31
  - repo: microsoft/onnxruntime
    layer: integration_serving
    sha: 57b265ee17b4581bef85e28630d0acf32ef6681f
    date: 2026-04-01
  - repo: ray-project/ray
    layer: integration_serving
    sha: 7e1162814a04689ced250727ce97648998855288
    date: 2026-04-01
  - repo: envoyproxy/envoy
    layer: integration_serving
    sha: 89e2bedffb01b8d4d48f446359f76bbdf144d69f
    date: 2026-04-01
  - repo: langchain-ai/langchain
    layer: integration_serving
    sha: 86238a775edc438add00836fb89d6879bbd8f1ed
    date: 2026-04-01
  - repo: microsoft/promptflow
    layer: integration_serving
    sha: 2a78b505fbb2d8c347be083b99c37fae02e63597
    date: 2026-03-13
  - repo: guardrails-ai/guardrails
    layer: integration_serving
    sha: 9e1e6ed28e1bc623bbd05c6d3fbd7378e79419cc
    date: 2026-03-24
  - repo: kubernetes/kubernetes
    layer: cross_cutting
    sha: eb8032bb8313640f57d32560b90269618524e9c6
    date: 2026-04-01
  - repo: containerd/containerd
    layer: cross_cutting
    sha: e78d26ee127caf5fc67de1626f3b81d095dda1fb
    date: 2026-04-01
  - repo: hashicorp/terraform
    layer: cross_cutting
    sha: ca02fd9c2a33e855937944110b37e70693b07f3e
    date: 2026-04-01
  - repo: argoproj/argo-cd
    layer: cross_cutting
    sha: 5101db5225d49596ba4c411e222f95b54a7fff08
    date: 2026-04-01
  - repo: argoproj/argo-workflows
    layer: cross_cutting
    sha: c5b41e5a9c9c96309f780d883ff73f5417205e43
    date: 2026-04-01
  - repo: prometheus/prometheus
    layer: cross_cutting
    sha: b014aa101d224d277c4c56ef897e2c8c87c62d6f
    date: 2026-04-01
  - repo: grafana/grafana
    layer: cross_cutting
    sha: a16243883e32c521d8eb9a0c0738176c4549b1fd
    date: 2026-04-01
  - repo: open-telemetry/opentelemetry-collector
    layer: cross_cutting
    sha: d7541501648c13e83cefd0c572cbec91adc5e827
    date: 2026-04-01
  - repo: grafana/loki
    layer: cross_cutting
    sha: 93650c0dfb7a58647dd16d7d4875d64884969b35
    date: 2026-04-01
  - repo: torvalds/linux
    layer: cross_cutting
    sha: bfe62a454542cfad3379f6ef5680b125f41e20f4
    date: 2026-04-06
  - repo: NVIDIA/open-gpu-kernel-modules
    layer: cross_cutting
    sha: db0c4e65c8e34c678d745ddb1317f53f90d1072b
    date: 2026-03-24
    tag: 595.58.03
